
Microsoft Visual Studio Solution File, Format Version 12.00
# Visual Studio Version 16
VisualStudioVersion = 16.0.30523.141
MinimumVisualStudioVersion = 10.0.40219.1
Project("{FAE04EC0-301F-11D3-BF4B-00C04F79EFBC}") = "Socket", "Socket\Socket.csproj", "{D757D16F-09A6-4151-B33A-A17F0502CEAB}"
EndProject
Global
	GlobalSection(SolutionConfigurationPlatforms) = preSolution
		Debug|Any CPU = Debug|Any CPU
		Release|Any CPU = Release|Any CPU
	EndGlobalSection
	GlobalSection(ProjectConfigurationPlatforms) = postSolution
		{D757D16F-09A6-4151-B33A-A17F0502CEAB}.Debug|Any CPU.ActiveCfg = Debug|Any CPU
		{D757D16F-09A6-4151-B33A-A17F0502CEAB}.Debug|Any CPU.Build.0 = Debug|Any CPU
		{D757D16F-09A6-4151-B33A-A17F0502CEAB}.Release|Any CPU.ActiveCfg = Release|Any CPU
		{D757D16F-09A6-4151-B33A-A17F0502CEAB}.Release|Any CPU.Build.0 = Release|Any CPU
	EndGlobalSection
	GlobalSection(SolutionProperties) = preSolution
		HideSolutionNode = FALSE
	EndGlobalSection
	GlobalSection(ExtensibilityGlobals) = postSolution
		SolutionGuid = {233D91B7-3193-435F-9BDA-42622717DF52}
	EndGlobalSection
EndGlobal
